
Microsoft Visual Studio Solution File, Format Version 12.00
# Visual Studio Version 17
VisualStudioVersion = 17.8.34330.188
MinimumVisualStudioVersion = 10.0.40219.1
Project("{9A19103F-16F7-4668-BE54-9A1E7A4F7556}") = "WodItEasy.Domain", "WodItEasy.Domain\WodItEasy.Domain.csproj", "{27E04998-D711-4352-9476-42A9DECCB792}"
EndProject
Project("{9A19103F-16F7-4668-BE54-9A1E7A4F7556}") = "WodItEasy.Startup", "WodItEasy.Startup\WodItEasy.Startup.csproj", "{86438286-3FED-43BF-B865-D30646EF33FC}"
EndProject
Project("{9A19103F-16F7-4668-BE54-9A1E7A4F7556}") = "WodItEasy.Web", "WodItEasy.Web\WodItEasy.Web.csproj", "{7590D828-0F2E-4A60-A1E5-F0D7B0B8A902}"
EndProject
Project("{9A19103F-16F7-4668-BE54-9A1E7A4F7556}") = "WodItEasy.Infrastructure", "WodItEasy.Infrastructure\WodItEasy.Infrastructure.csproj", "{631A6101-2715-4D59-9B00-E18927E35C9D}"
EndProject
Project("{9A19103F-16F7-4668-BE54-9A1E7A4F7556}") = "WodItEasy.Application", "WodItEasy.Application\WodItEasy.Application.csproj", "{093100A1-C0A8-4232-B067-19DD695B377F}"
EndProject
Project("{2150E333-8FDC-42A3-9474-1A3956D46DE8}") = "Common", "Common", "{BB8BD76E-9102-422B-8B34-BE29E10C43D0}"
EndProject
Project("{FAE04EC0-301F-11D3-BF4B-00C04F79EFBC}") = "Common.Application", "Common\Common.Application\Common.Application.csproj", "{DAE1730B-EDAE-43BA-9242-E850CF1D5909}"
EndProject
Project("{FAE04EC0-301F-11D3-BF4B-00C04F79EFBC}") = "Common.Domain", "Common\Common.Domain\Common.Domain.csproj", "{ACB74A69-2C08-4D20-8966-EBB09718A358}"
EndProject
Project("{FAE04EC0-301F-11D3-BF4B-00C04F79EFBC}") = "Common.Infrastructure", "Common\Common.Infrastructure\Common.Infrastructure.csproj", "{C6D3BF6C-0EA7-4593-9D54-087C7F18DA1A}"
EndProject
Project("{FAE04EC0-301F-11D3-BF4B-00C04F79EFBC}") = "Common.Web", "Common\Common.Web\Common.Web.csproj", "{81E113E4-7545-4A19-A186-FAB84075AD94}"
EndProject
Project("{2150E333-8FDC-42A3-9474-1A3956D46DE8}") = "Workouts", "Workouts", "{A46FC9FE-BCAC-44D8-ACF7-6239B2C501C0}"
EndProject
Global
	GlobalSection(SolutionConfigurationPlatforms) = preSolution
		Debug|Any CPU = Debug|Any CPU
		Release|Any CPU = Release|Any CPU
	EndGlobalSection
	GlobalSection(ProjectConfigurationPlatforms) = postSolution
		{27E04998-D711-4352-9476-42A9DECCB792}.Debug|Any CPU.ActiveCfg = Debug|Any CPU
		{27E04998-D711-4352-9476-42A9DECCB792}.Debug|Any CPU.Build.0 = Debug|Any CPU
		{27E04998-D711-4352-9476-42A9DECCB792}.Release|Any CPU.ActiveCfg = Release|Any CPU
		{27E04998-D711-4352-9476-42A9DECCB792}.Release|Any CPU.Build.0 = Release|Any CPU
		{86438286-3FED-43BF-B865-D30646EF33FC}.Debug|Any CPU.ActiveCfg = Debug|Any CPU
		{86438286-3FED-43BF-B865-D30646EF33FC}.Debug|Any CPU.Build.0 = Debug|Any CPU
		{86438286-3FED-43BF-B865-D30646EF33FC}.Release|Any CPU.ActiveCfg = Release|Any CPU
		{86438286-3FED-43BF-B865-D30646EF33FC}.Release|Any CPU.Build.0 = Release|Any CPU
		{7590D828-0F2E-4A60-A1E5-F0D7B0B8A902}.Debug|Any CPU.ActiveCfg = Debug|Any CPU
		{7590D828-0F2E-4A60-A1E5-F0D7B0B8A902}.Debug|Any CPU.Build.0 = Debug|Any CPU
		{7590D828-0F2E-4A60-A1E5-F0D7B0B8A902}.Release|Any CPU.ActiveCfg = Release|Any CPU
		{7590D828-0F2E-4A60-A1E5-F0D7B0B8A902}.Release|Any CPU.Build.0 = Release|Any CPU
		{631A6101-2715-4D59-9B00-E18927E35C9D}.Debug|Any CPU.ActiveCfg = Debug|Any CPU
		{631A6101-2715-4D59-9B00-E18927E35C9D}.Debug|Any CPU.Build.0 = Debug|Any CPU
		{631A6101-2715-4D59-9B00-E18927E35C9D}.Release|Any CPU.ActiveCfg = Release|Any CPU
		{631A6101-2715-4D59-9B00-E18927E35C9D}.Release|Any CPU.Build.0 = Release|Any CPU
		{093100A1-C0A8-4232-B067-19DD695B377F}.Debug|Any CPU.ActiveCfg = Debug|Any CPU
		{093100A1-C0A8-4232-B067-19DD695B377F}.Debug|Any CPU.Build.0 = Debug|Any CPU
		{093100A1-C0A8-4232-B067-19DD695B377F}.Release|Any CPU.ActiveCfg = Release|Any CPU
		{093100A1-C0A8-4232-B067-19DD695B377F}.Release|Any CPU.Build.0 = Release|Any CPU
		{DAE1730B-EDAE-43BA-9242-E850CF1D5909}.Debug|Any CPU.ActiveCfg = Debug|Any CPU
		{DAE1730B-EDAE-43BA-9242-E850CF1D5909}.Debug|Any CPU.Build.0 = Debug|Any CPU
		{DAE1730B-EDAE-43BA-9242-E850CF1D5909}.Release|Any CPU.ActiveCfg = Release|Any CPU
		{DAE1730B-EDAE-43BA-9242-E850CF1D5909}.Release|Any CPU.Build.0 = Release|Any CPU
		{ACB74A69-2C08-4D20-8966-EBB09718A358}.Debug|Any CPU.ActiveCfg = Debug|Any CPU
		{ACB74A69-2C08-4D20-8966-EBB09718A358}.Debug|Any CPU.Build.0 = Debug|Any CPU
		{ACB74A69-2C08-4D20-8966-EBB09718A358}.Release|Any CPU.ActiveCfg = Release|Any CPU
		{ACB74A69-2C08-4D20-8966-EBB09718A358}.Release|Any CPU.Build.0 = Release|Any CPU
		{C6D3BF6C-0EA7-4593-9D54-087C7F18DA1A}.Debug|Any CPU.ActiveCfg = Debug|Any CPU
		{C6D3BF6C-0EA7-4593-9D54-087C7F18DA1A}.Debug|Any CPU.Build.0 = Debug|Any CPU
		{C6D3BF6C-0EA7-4593-9D54-087C7F18DA1A}.Release|Any CPU.ActiveCfg = Release|Any CPU
		{C6D3BF6C-0EA7-4593-9D54-087C7F18DA1A}.Release|Any CPU.Build.0 = Release|Any CPU
		{81E113E4-7545-4A19-A186-FAB84075AD94}.Debug|Any CPU.ActiveCfg = Debug|Any CPU
		{81E113E4-7545-4A19-A186-FAB84075AD94}.Debug|Any CPU.Build.0 = Debug|Any CPU
		{81E113E4-7545-4A19-A186-FAB84075AD94}.Release|Any CPU.ActiveCfg = Release|Any CPU
		{81E113E4-7545-4A19-A186-FAB84075AD94}.Release|Any CPU.Build.0 = Release|Any CPU
	EndGlobalSection
	GlobalSection(SolutionProperties) = preSolution
		HideSolutionNode = FALSE
	EndGlobalSection
	GlobalSection(NestedProjects) = preSolution
		{27E04998-D711-4352-9476-42A9DECCB792} = {A46FC9FE-BCAC-44D8-ACF7-6239B2C501C0}
		{86438286-3FED-43BF-B865-D30646EF33FC} = {A46FC9FE-BCAC-44D8-ACF7-6239B2C501C0}
		{7590D828-0F2E-4A60-A1E5-F0D7B0B8A902} = {A46FC9FE-BCAC-44D8-ACF7-6239B2C501C0}
		{631A6101-2715-4D59-9B00-E18927E35C9D} = {A46FC9FE-BCAC-44D8-ACF7-6239B2C501C0}
		{093100A1-C0A8-4232-B067-19DD695B377F} = {A46FC9FE-BCAC-44D8-ACF7-6239B2C501C0}
		{DAE1730B-EDAE-43BA-9242-E850CF1D5909} = {BB8BD76E-9102-422B-8B34-BE29E10C43D0}
		{ACB74A69-2C08-4D20-8966-EBB09718A358} = {BB8BD76E-9102-422B-8B34-BE29E10C43D0}
		{C6D3BF6C-0EA7-4593-9D54-087C7F18DA1A} = {BB8BD76E-9102-422B-8B34-BE29E10C43D0}
		{81E113E4-7545-4A19-A186-FAB84075AD94} = {BB8BD76E-9102-422B-8B34-BE29E10C43D0}
	EndGlobalSection
	GlobalSection(ExtensibilityGlobals) = postSolution
		SolutionGuid = {12F89A21-6580-47EF-8DAB-4A1285CEBD06}
	EndGlobalSection
EndGlobal
